
Microsoft Visual Studio Solution File, Format Version 12.00
# Visual Studio Version 17
VisualStudioVersion = 17.9.34518.117
MinimumVisualStudioVersion = 10.0.40219.1
Project("{9A19103F-16F7-4668-BE54-9A1E7A4F7556}") = "Transmitly.ChannelProvider.MailKit", "Transmitly.ChannelProvider.MailKit.csproj", "{FA4A9809-5529-4FC6-B655-6BCE8F66C7C4}"
EndProject
Global
	GlobalSection(SolutionConfigurationPlatforms) = preSolution
		Debug|Any CPU = Debug|Any CPU
		Release|Any CPU = Release|Any CPU
	EndGlobalSection
	GlobalSection(ProjectConfigurationPlatforms) = postSolution
		{FA4A9809-5529-4FC6-B655-6BCE8F66C7C4}.Debug|Any CPU.ActiveCfg = Debug|Any CPU
		{FA4A9809-5529-4FC6-B655-6BCE8F66C7C4}.Debug|Any CPU.Build.0 = Debug|Any CPU
		{FA4A9809-5529-4FC6-B655-6BCE8F66C7C4}.Release|Any CPU.ActiveCfg = Release|Any CPU
		{FA4A9809-5529-4FC6-B655-6BCE8F66C7C4}.Release|Any CPU.Build.0 = Release|Any CPU
	EndGlobalSection
	GlobalSection(SolutionProperties) = preSolution
		HideSolutionNode = FALSE
	EndGlobalSection
	GlobalSection(ExtensibilityGlobals) = postSolution
		SolutionGuid = {B23CA4CC-F32B-427E-8780-475E19189E47}
	EndGlobalSection
EndGlobal
